// !$*UTF8*$!
{
	archiveVersion = 1;
	classes = {
	};
	objectVersion = 56;
	objects = {

/* Begin PBXBuildFile section */
		5E7AA5D32C56A67D00276DF0 /* MRDeltaMaryApp.swift in Sources */ = {isa = PBXBuildFile; fileRef = 5E7AA5D22C56A67D00276DF0 /* MRDeltaMaryApp.swift */; };
		5E7AA5D52C56A67D00276DF0 /* ContentView.swift in Sources */ = {isa = PBXBuildFile; fileRef = 5E7AA5D42C56A67D00276DF0 /* ContentView.swift */; };
		5E7AA5D72C56A67F00276DF0 /* Assets.xcassets in Resources */ = {isa = PBXBuildFile; fileRef = 5E7AA5D62C56A67F00276DF0 /* Assets.xcassets */; };
		5E7AA5DA2C56A67F00276DF0 /* Preview Assets.xcassets in Resources */ = {isa = PBXBuildFile; fileRef = 5E7AA5D92C56A67F00276DF0 /* Preview Assets.xcassets */; };
		5E7AA5E42C56A67F00276DF0 /* MRDeltaMaryTests.swift in Sources */ = {isa = PBXBuildFile; fileRef = 5E7AA5E32C56A67F00276DF0 /* MRDeltaMaryTests.swift */; };
		5E7AA5EE2C56A67F00276DF0 /* MRDeltaMaryUITests.swift in Sources */ = {isa = PBXBuildFile; fileRef = 5E7AA5ED2C56A67F00276DF0 /* MRDeltaMaryUITests.swift */; };
		5E7AA5F02C56A67F00276DF0 /* MRDeltaMaryUITestsLaunchTests.swift in Sources */ = {isa = PBXBuildFile; fileRef = 5E7AA5EF2C56A67F00276DF0 /* MRDeltaMaryUITestsLaunchTests.swift */; };
		5E7AA5FD2C56A8DE00276DF0 /* SignUpView.swift in Sources */ = {isa = PBXBuildFile; fileRef = 5E7AA5FC2C56A8DE00276DF0 /* SignUpView.swift */; };
		5E7AA5FF2C56A90600276DF0 /* LoginView.swift in Sources */ = {isa = PBXBuildFile; fileRef = 5E7AA5FE2C56A90600276DF0 /* LoginView.swift */; };
		5E7AA6012C56AD0C00276DF0 /* GoogleService-Info.plist in Resources */ = {isa = PBXBuildFile; fileRef = 5E7AA6002C56AD0C00276DF0 /* GoogleService-Info.plist */; };
		5E7AA6042C56ADA500276DF0 /* FirebaseAuth in Frameworks */ = {isa = PBXBuildFile; productRef = 5E7AA6032C56ADA500276DF0 /* FirebaseAuth */; };
		5E7AA6062C56ADA500276DF0 /* FirebaseFirestore in Frameworks */ = {isa = PBXBuildFile; productRef = 5E7AA6052C56ADA500276DF0 /* FirebaseFirestore */; };
		5E7AA6082C56AE3E00276DF0 /* MainView.swift in Sources */ = {isa = PBXBuildFile; fileRef = 5E7AA6072C56AE3E00276DF0 /* MainView.swift */; };
		5E7AA60A2C56AE6000276DF0 /* DeltaExplorationView.swift in Sources */ = {isa = PBXBuildFile; fileRef = 5E7AA6092C56AE6000276DF0 /* DeltaExplorationView.swift */; };
		5E7AA60C2C56AE7500276DF0 /* DeltaRevivalCampaignView.swift in Sources */ = {isa = PBXBuildFile; fileRef = 5E7AA60B2C56AE7500276DF0 /* DeltaRevivalCampaignView.swift */; };
		5E7AA60E2C56AE8B00276DF0 /* VolunteerOpportunitiesView.swift in Sources */ = {isa = PBXBuildFile; fileRef = 5E7AA60D2C56AE8B00276DF0 /* VolunteerOpportunitiesView.swift */; };
		5E7AA6102C56AF2800276DF0 /* ProfileView.swift in Sources */ = {isa = PBXBuildFile; fileRef = 5E7AA60F2C56AF2800276DF0 /* ProfileView.swift */; };
/* End PBXBuildFile section */

/* Begin PBXContainerItemProxy section */
		5E7AA5E02C56A67F00276DF0 /* PBXContainerItemProxy */ = {
			isa = PBXContainerItemProxy;
			containerPortal = 5E7AA5C72C56A67D00276DF0 /* Project object */;
			proxyType = 1;
			remoteGlobalIDString = 5E7AA5CE2C56A67D00276DF0;
			remoteInfo = MRDeltaMary;
		};
		5E7AA5EA2C56A67F00276DF0 /* PBXContainerItemProxy */ = {
			isa = PBXContainerItemProxy;
			containerPortal = 5E7AA5C72C56A67D00276DF0 /* Project object */;
			proxyType = 1;
			remoteGlobalIDString = 5E7AA5CE2C56A67D00276DF0;
			remoteInfo = MRDeltaMary;
		};
/* End PBXContainerItemProxy section */

/* Begin PBXFileReference section */
		5E7AA5CF2C56A67D00276DF0 /* MRDeltaMary.app */ = {isa = PBXFileReference; explicitFileType = wrapper.application; includeInIndex = 0; path = MRDeltaMary.app; sourceTree = BUILT_PRODUCTS_DIR; };
		5E7AA5D22C56A67D00276DF0 /* MRDeltaMaryApp.swift */ = {isa = PBXFileReference; lastKnownFileType = sourcecode.swift; path = MRDeltaMaryApp.swift; sourceTree = "<group>"; };
		5E7AA5D42C56A67D00276DF0 /* ContentView.swift */ = {isa = PBXFileReference; lastKnownFileType = sourcecode.swift; path = ContentView.swift; sourceTree = "<group>"; };
		5E7AA5D62C56A67F00276DF0 /* Assets.xcassets */ = {isa = PBXFileReference; lastKnownFileType = folder.assetcatalog; path = Assets.xcassets; sourceTree = "<group>"; };
		5E7AA5D92C56A67F00276DF0 /* Preview Assets.xcassets */ = {isa = PBXFileReference; lastKnownFileType = folder.assetcatalog; path = "Preview Assets.xcassets"; sourceTree = "<group>"; };
		5E7AA5DF2C56A67F00276DF0 /* MRDeltaMaryTests.xctest */ = {isa = PBXFileReference; explicitFileType = wrapper.cfbundle; includeInIndex = 0; path = MRDeltaMaryTests.xctest; sourceTree = BUILT_PRODUCTS_DIR; };
		5E7AA5E32C56A67F00276DF0 /* MRDeltaMaryTests.swift */ = {isa = PBXFileReference; lastKnownFileType = sourcecode.swift; path = MRDeltaMaryTests.swift; sourceTree = "<group>"; };
		5E7AA5E92C56A67F00276DF0 /* MRDeltaMaryUITests.xctest */ = {isa = PBXFileReference; explicitFileType = wrapper.cfbundle; includeInIndex = 0; path = MRDeltaMaryUITests.xctest; sourceTree = BUILT_PRODUCTS_DIR; };
		5E7AA5ED2C56A67F00276DF0 /* MRDeltaMaryUITests.swift */ = {isa = PBXFileReference; lastKnownFileType = sourcecode.swift; path = MRDeltaMaryUITests.swift; sourceTree = "<group>"; };
		5E7AA5EF2C56A67F00276DF0 /* MRDeltaMaryUITestsLaunchTests.swift */ = {isa = PBXFileReference; lastKnownFileType = sourcecode.swift; path = MRDeltaMaryUITestsLaunchTests.swift; sourceTree = "<group>"; };
		5E7AA5FC2C56A8DE00276DF0 /* SignUpView.swift */ = {isa = PBXFileReference; lastKnownFileType = sourcecode.swift; path = SignUpView.swift; sourceTree = "<group>"; };
		5E7AA5FE2C56A90600276DF0 /* LoginView.swift */ = {isa = PBXFileReference; lastKnownFileType = sourcecode.swift; path = LoginView.swift; sourceTree = "<group>"; };
		5E7AA6002C56AD0C00276DF0 /* GoogleService-Info.plist */ = {isa = PBXFileReference; fileEncoding = 4; lastKnownFileType = text.plist.xml; path = "GoogleService-Info.plist"; sourceTree = "<group>"; };
		5E7AA6072C56AE3E00276DF0 /* MainView.swift */ = {isa = PBXFileReference; lastKnownFileType = sourcecode.swift; path = MainView.swift; sourceTree = "<group>"; };
		5E7AA6092C56AE6000276DF0 /* DeltaExplorationView.swift */ = {isa = PBXFileReference; lastKnownFileType = sourcecode.swift; path = DeltaExplorationView.swift; sourceTree = "<group>"; };
		5E7AA60B2C56AE7500276DF0 /* DeltaRevivalCampaignView.swift */ = {isa = PBXFileReference; lastKnownFileType = sourcecode.swift; path = DeltaRevivalCampaignView.swift; sourceTree = "<group>"; };
		5E7AA60D2C56AE8B00276DF0 /* VolunteerOpportunitiesView.swift */ = {isa = PBXFileReference; lastKnownFileType = sourcecode.swift; path = VolunteerOpportunitiesView.swift; sourceTree = "<group>"; };
		5E7AA60F2C56AF2800276DF0 /* ProfileView.swift */ = {isa = PBXFileReference; lastKnownFileType = sourcecode.swift; path = ProfileView.swift; sourceTree = "<group>"; };
/* End PBXFileReference section */

/* Begin PBXFrameworksBuildPhase section */
		5E7AA5CC2C56A67D00276DF0 /* Frameworks */ = {
			isa = PBXFrameworksBuildPhase;
			buildActionMask = 2147483647;
			files = (
				5E7AA6042C56ADA500276DF0 /* FirebaseAuth in Frameworks */,
				5E7AA6062C56ADA500276DF0 /* FirebaseFirestore in Frameworks */,
			);
			runOnlyForDeploymentPostprocessing = 0;
		};
		5E7AA5DC2C56A67F00276DF0 /* Frameworks */ = {
			isa = PBXFrameworksBuildPhase;
			buildActionMask = 2147483647;
			files = (
			);
			runOnlyForDeploymentPostprocessing = 0;
		};
		5E7AA5E62C56A67F00276DF0 /* Frameworks */ = {
			isa = PBXFrameworksBuildPhase;
			buildActionMask = 2147483647;
			files = (
			);
			runOnlyForDeploymentPostprocessing = 0;
		};
/* End PBXFrameworksBuildPhase section */

/* Begin PBXGroup section */
		5E7AA5C62C56A67C00276DF0 = {
			isa = PBXGroup;
			children = (
				5E7AA5D12C56A67D00276DF0 /* MRDeltaMary */,
				5E7AA5E22C56A67F00276DF0 /* MRDeltaMaryTests */,
				5E7AA5EC2C56A67F00276DF0 /* MRDeltaMaryUITests */,
				5E7AA5D02C56A67D00276DF0 /* Products */,
			);
			sourceTree = "<group>";
		};
		5E7AA5D02C56A67D00276DF0 /* Products */ = {
			isa = PBXGroup;
			children = (
				5E7AA5CF2C56A67D00276DF0 /* MRDeltaMary.app */,
				5E7AA5DF2C56A67F00276DF0 /* MRDeltaMaryTests.xctest */,
				5E7AA5E92C56A67F00276DF0 /* MRDeltaMaryUITests.xctest */,
			);
			name = Products;
			sourceTree = "<group>";
		};
		5E7AA5D12C56A67D00276DF0 /* MRDeltaMary */ = {
			isa = PBXGroup;
			children = (
				5E7AA5D22C56A67D00276DF0 /* MRDeltaMaryApp.swift */,
				5E7AA5D42C56A67D00276DF0 /* ContentView.swift */,
				5E7AA5FC2C56A8DE00276DF0 /* SignUpView.swift */,
				5E7AA5FE2C56A90600276DF0 /* LoginView.swift */,
				5E7AA6072C56AE3E00276DF0 /* MainView.swift */,
				5E7AA6092C56AE6000276DF0 /* DeltaExplorationView.swift */,
				5E7AA60B2C56AE7500276DF0 /* DeltaRevivalCampaignView.swift */,
				5E7AA60D2C56AE8B00276DF0 /* VolunteerOpportunitiesView.swift */,
				5E7AA60F2C56AF2800276DF0 /* ProfileView.swift */,
				5E7AA5D62C56A67F00276DF0 /* Assets.xcassets */,
				5E7AA6002C56AD0C00276DF0 /* GoogleService-Info.plist */,
				5E7AA5D82C56A67F00276DF0 /* Preview Content */,
			);
			path = MRDeltaMary;
			sourceTree = "<group>";
		};
		5E7AA5D82C56A67F00276DF0 /* Preview Content */ = {
			isa = PBXGroup;
			children = (
				5E7AA5D92C56A67F00276DF0 /* Preview Assets.xcassets */,
			);
			path = "Preview Content";
			sourceTree = "<group>";
		};
		5E7AA5E22C56A67F00276DF0 /* MRDeltaMaryTests */ = {
			isa = PBXGroup;
			children = (
				5E7AA5E32C56A67F00276DF0 /* MRDeltaMaryTests.swift */,
			);
			path = MRDeltaMaryTests;
			sourceTree = "<group>";
		};
		5E7AA5EC2C56A67F00276DF0 /* MRDeltaMaryUITests */ = {
			isa = PBXGroup;
			children = (
				5E7AA5ED2C56A67F00276DF0 /* MRDeltaMaryUITests.swift */,
				5E7AA5EF2C56A67F00276DF0 /* MRDeltaMaryUITestsLaunchTests.swift */,
			);
			path = MRDeltaMaryUITests;
			sourceTree = "<group>";
		};
/* End PBXGroup section */

/* Begin PBXNativeTarget section */
		5E7AA5CE2C56A67D00276DF0 /* MRDeltaMary */ = {
			isa = PBXNativeTarget;
			buildConfigurationList = 5E7AA5F32C56A67F00276DF0 /* Build configuration list for PBXNativeTarget "MRDeltaMary" */;
			buildPhases = (
				5E7AA5CB2C56A67D00276DF0 /* Sources */,
				5E7AA5CC2C56A67D00276DF0 /* Frameworks */,
				5E7AA5CD2C56A67D00276DF0 /* Resources */,
			);
			buildRules = (
			);
			dependencies = (
			);
			name = MRDeltaMary;
			packageProductDependencies = (
				5E7AA6032C56ADA500276DF0 /* FirebaseAuth */,
				5E7AA6052C56ADA500276DF0 /* FirebaseFirestore */,
			);
			productName = MRDeltaMary;
			productReference = 5E7AA5CF2C56A67D00276DF0 /* MRDeltaMary.app */;
			productType = "com.apple.product-type.application";
		};
		5E7AA5DE2C56A67F00276DF0 /* MRDeltaMaryTests */ = {
			isa = PBXNativeTarget;
			buildConfigurationList = 5E7AA5F62C56A67F00276DF0 /* Build configuration list for PBXNativeTarget "MRDeltaMaryTests" */;
			buildPhases = (
				5E7AA5DB2C56A67F00276DF0 /* Sources */,
				5E7AA5DC2C56A67F00276DF0 /* Frameworks */,
				5E7AA5DD2C56A67F00276DF0 /* Resources */,
			);
			buildRules = (
			);
			dependencies = (
				5E7AA5E12C56A67F00276DF0 /* PBXTargetDependency */,
			);
			name = MRDeltaMaryTests;
			productName = MRDeltaMaryTests;
			productReference = 5E7AA5DF2C56A67F00276DF0 /* MRDeltaMaryTests.xctest */;
			productType = "com.apple.product-type.bundle.unit-test";
		};
		5E7AA5E82C56A67F00276DF0 /* MRDeltaMaryUITests */ = {
			isa = PBXNativeTarget;
			buildConfigurationList = 5E7AA5F92C56A67F00276DF0 /* Build configuration list for PBXNativeTarget "MRDeltaMaryUITests" */;
			buildPhases = (
				5E7AA5E52C56A67F00276DF0 /* Sources */,
				5E7AA5E62C56A67F00276DF0 /* Frameworks */,
				5E7AA5E72C56A67F00276DF0 /* Resources */,
			);
			buildRules = (
			);
			dependencies = (
				5E7AA5EB2C56A67F00276DF0 /* PBXTargetDependency */,
			);
			name = MRDeltaMaryUITests;
			productName = MRDeltaMaryUITests;
			productReference = 5E7AA5E92C56A67F00276DF0 /* MRDeltaMaryUITests.xctest */;
			productType = "com.apple.product-type.bundle.ui-testing";
		};
/* End PBXNativeTarget section */

/* Begin PBXProject section */
		5E7AA5C72C56A67D00276DF0 /* Project object */ = {
			isa = PBXProject;
			attributes = {
				BuildIndependentTargetsInParallel = 1;
				LastSwiftUpdateCheck = 1540;
				LastUpgradeCheck = 1540;
				TargetAttributes = {
					5E7AA5CE2C56A67D00276DF0 = {
						CreatedOnToolsVersion = 15.4;
					};
					5E7AA5DE2C56A67F00276DF0 = {
						CreatedOnToolsVersion = 15.4;
						TestTargetID = 5E7AA5CE2C56A67D00276DF0;
					};
					5E7AA5E82C56A67F00276DF0 = {
						CreatedOnToolsVersion = 15.4;
						TestTargetID = 5E7AA5CE2C56A67D00276DF0;
					};
				};
			};
			buildConfigurationList = 5E7AA5CA2C56A67D00276DF0 /* Build configuration list for PBXProject "MRDeltaMary" */;
			compatibilityVersion = "Xcode 14.0";
			developmentRegion = en;
			hasScannedForEncodings = 0;
			knownRegions = (
				en,
				Base,
			);
			mainGroup = 5E7AA5C62C56A67C00276DF0;
			packageReferences = (
				5E7AA6022C56ADA500276DF0 /* XCRemoteSwiftPackageReference "firebase-ios-sdk" */,
			);
			productRefGroup = 5E7AA5D02C56A67D00276DF0 /* Products */;
			projectDirPath = "";
			projectRoot = "";
			targets = (
				5E7AA5CE2C56A67D00276DF0 /* MRDeltaMary */,
				5E7AA5DE2C56A67F00276DF0 /* MRDeltaMaryTests */,
				5E7AA5E82C56A67F00276DF0 /* MRDeltaMaryUITests */,
			);
		};
/* End PBXProject section */

/* Begin PBXResourcesBuildPhase section */
		5E7AA5CD2C56A67D00276DF0 /* Resources */ = {
			isa = PBXResourcesBuildPhase;
			buildActionMask = 2147483647;
			files = (
				5E7AA5DA2C56A67F00276DF0 /* Preview Assets.xcassets in Resources */,
				5E7AA6012C56AD0C00276DF0 /* GoogleService-Info.plist in Resources */,
				5E7AA5D72C56A67F00276DF0 /* Assets.xcassets in Resources */,
			);
			runOnlyForDeploymentPostprocessing = 0;
		};
		5E7AA5DD2C56A67F00276DF0 /* Resources */ = {
			isa = PBXResourcesBuildPhase;
			buildActionMask = 2147483647;
			files = (
			);
			runOnlyForDeploymentPostprocessing = 0;
		};
		5E7AA5E72C56A67F00276DF0 /* Resources */ = {
			isa = PBXResourcesBuildPhase;
			buildActionMask = 2147483647;
			files = (
			);
			runOnlyForDeploymentPostprocessing = 0;
		};
/* End PBXResourcesBuildPhase section */

/* Begin PBXSourcesBuildPhase section */
		5E7AA5CB2C56A67D00276DF0 /* Sources */ = {
			isa = PBXSourcesBuildPhase;
			buildActionMask = 2147483647;
			files = (
				5E7AA5D52C56A67D00276DF0 /* ContentView.swift in Sources */,
				5E7AA6102C56AF2800276DF0 /* ProfileView.swift in Sources */,
				5E7AA5FD2C56A8DE00276DF0 /* SignUpView.swift in Sources */,
				5E7AA5FF2C56A90600276DF0 /* LoginView.swift in Sources */,
				5E7AA6082C56AE3E00276DF0 /* MainView.swift in Sources */,
				5E7AA5D32C56A67D00276DF0 /* MRDeltaMaryApp.swift in Sources */,
				5E7AA60A2C56AE6000276DF0 /* DeltaExplorationView.swift in Sources */,
				5E7AA60E2C56AE8B00276DF0 /* VolunteerOpportunitiesView.swift in Sources */,
				5E7AA60C2C56AE7500276DF0 /* DeltaRevivalCampaignView.swift in Sources */,
			);
			runOnlyForDeploymentPostprocessing = 0;
		};
		5E7AA5DB2C56A67F00276DF0 /* Sources */ = {
			isa = PBXSourcesBuildPhase;
			buildActionMask = 2147483647;
			files = (
				5E7AA5E42C56A67F00276DF0 /* MRDeltaMaryTests.swift in Sources */,
			);
			runOnlyForDeploymentPostprocessing = 0;
		};
		5E7AA5E52C56A67F00276DF0 /* Sources */ = {
			isa = PBXSourcesBuildPhase;
			buildActionMask = 2147483647;
			files = (
				5E7AA5EE2C56A67F00276DF0 /* MRDeltaMaryUITests.swift in Sources */,
				5E7AA5F02C56A67F00276DF0 /* MRDeltaMaryUITestsLaunchTests.swift in Sources */,
			);
			runOnlyForDeploymentPostprocessing = 0;
		};
/* End PBXSourcesBuildPhase section */

/* Begin PBXTargetDependency section */
		5E7AA5E12C56A67F00276DF0 /* PBXTargetDependency */ = {
			isa = PBXTargetDependency;
			target = 5E7AA5CE2C56A67D00276DF0 /* MRDeltaMary */;
			targetProxy = 5E7AA5E02C56A67F00276DF0 /* PBXContainerItemProxy */;
		};
		5E7AA5EB2C56A67F00276DF0 /* PBXTargetDependency */ = {
			isa = PBXTargetDependency;
			target = 5E7AA5CE2C56A67D00276DF0 /* MRDeltaMary */;
			targetProxy = 5E7AA5EA2C56A67F00276DF0 /* PBXContainerItemProxy */;
		};
/* End PBXTargetDependency section */

/* Begin XCBuildConfiguration section */
		5E7AA5F12C56A67F00276DF0 /* Debug */ = {
			isa = XCBuildConfiguration;
			buildSettings = {
				ALWAYS_SEARCH_USER_PATHS = NO;
				ASSETCATALOG_COMPILER_GENERATE_SWIFT_ASSET_SYMBOL_EXTENSIONS = YES;
				CLANG_ANALYZER_NONNULL = YES;
				CLANG_ANALYZER_NUMBER_OBJECT_CONVERSION = YES_AGGRESSIVE;
				CLANG_CXX_LANGUAGE_STANDARD = "gnu++20";
				CLANG_ENABLE_MODULES = YES;
				CLANG_ENABLE_OBJC_ARC = YES;
				CLANG_ENABLE_OBJC_WEAK = YES;
				CLANG_WARN_BLOCK_CAPTURE_AUTORELEASING = YES;
				CLANG_WARN_BOOL_CONVERSION = YES;
				CLANG_WARN_COMMA = YES;
				CLANG_WARN_CONSTANT_CONVERSION = YES;
				CLANG_WARN_DEPRECATED_OBJC_IMPLEMENTATIONS = YES;
				CLANG_WARN_DIRECT_OBJC_ISA_USAGE = YES_ERROR;
				CLANG_WARN_DOCUMENTATION_COMMENTS = YES;
				CLANG_WARN_EMPTY_BODY = YES;
				CLANG_WARN_ENUM_CONVERSION = YES;
				CLANG_WARN_INFINITE_RECURSION = YES;
				CLANG_WARN_INT_CONVERSION = YES;
				CLANG_WARN_NON_LITERAL_NULL_CONVERSION = YES;
				CLANG_WARN_OBJC_IMPLICIT_RETAIN_SELF = YES;
				CLANG_WARN_OBJC_LITERAL_CONVERSION = YES;
				CLANG_WARN_OBJC_ROOT_CLASS = YES_ERROR;
				CLANG_WARN_QUOTED_INCLUDE_IN_FRAMEWORK_HEADER = YES;
				CLANG_WARN_RANGE_LOOP_ANALYSIS = YES;
				CLANG_WARN_STRICT_PROTOTYPES = YES;
				CLANG_WARN_SUSPICIOUS_MOVE = YES;
				CLANG_WARN_UNGUARDED_AVAILABILITY = YES_AGGRESSIVE;
				CLANG_WARN_UNREACHABLE_CODE = YES;
				CLANG_WARN__DUPLICATE_METHOD_MATCH = YES;
				COPY_PHASE_STRIP = NO;
				DEBUG_INFORMATION_FORMAT = dwarf;
				ENABLE_STRICT_OBJC_MSGSEND = YES;
				ENABLE_TESTABILITY = YES;
				ENABLE_USER_SCRIPT_SANDBOXING = YES;
				GCC_C_LANGUAGE_STANDARD = gnu17;
				GCC_DYNAMIC_NO_PIC = NO;
				GCC_NO_COMMON_BLOCKS = YES;
				GCC_OPTIMIZATION_LEVEL = 0;
				GCC_PREPROCESSOR_DEFINITIONS = (
					"DEBUG=1",
					"$(inherited)",
				);
				GCC_WARN_64_TO_32_BIT_CONVERSION = YES;
				GCC_WARN_ABOUT_RETURN_TYPE = YES_ERROR;
				GCC_WARN_UNDECLARED_SELECTOR = YES;
				GCC_WARN_UNINITIALIZED_AUTOS = YES_AGGRESSIVE;
				GCC_WARN_UNUSED_FUNCTION = YES;
				GCC_WARN_UNUSED_VARIABLE = YES;
				IPHONEOS_DEPLOYMENT_TARGET = 17.5;
				LOCALIZATION_PREFERS_STRING_CATALOGS = YES;
				MTL_ENABLE_DEBUG_INFO = INCLUDE_SOURCE;
				MTL_FAST_MATH = YES;
				ONLY_ACTIVE_ARCH = YES;
				SDKROOT = iphoneos;
				SWIFT_ACTIVE_COMPILATION_CONDITIONS = "DEBUG $(inherited)";
				SWIFT_OPTIMIZATION_LEVEL = "-Onone";
			};
			name = Debug;
		};
		5E7AA5F22C56A67F00276DF0 /* Release */ = {
			isa = XCBuildConfiguration;
			buildSettings = {
				ALWAYS_SEARCH_USER_PATHS = NO;
				ASSETCATALOG_COMPILER_GENERATE_SWIFT_ASSET_SYMBOL_EXTENSIONS = YES;
				CLANG_ANALYZER_NONNULL = YES;
				CLANG_ANALYZER_NUMBER_OBJECT_CONVERSION = YES_AGGRESSIVE;
				CLANG_CXX_LANGUAGE_STANDARD = "gnu++20";
				CLANG_ENABLE_MODULES = YES;
				CLANG_ENABLE_OBJC_ARC = YES;
				CLANG_ENABLE_OBJC_WEAK = YES;
				CLANG_WARN_BLOCK_CAPTURE_AUTORELEASING = YES;
				CLANG_WARN_BOOL_CONVERSION = YES;
				CLANG_WARN_COMMA = YES;
				CLANG_WARN_CONSTANT_CONVERSION = YES;
				CLANG_WARN_DEPRECATED_OBJC_IMPLEMENTATIONS = YES;
				CLANG_WARN_DIRECT_OBJC_ISA_USAGE = YES_ERROR;
				CLANG_WARN_DOCUMENTATION_COMMENTS = YES;
				CLANG_WARN_EMPTY_BODY = YES;
				CLANG_WARN_ENUM_CONVERSION = YES;
				CLANG_WARN_INFINITE_RECURSION = YES;
				CLANG_WARN_INT_CONVERSION = YES;
				CLANG_WARN_NON_LITERAL_NULL_CONVERSION = YES;
				CLANG_WARN_OBJC_IMPLICIT_RETAIN_SELF = YES;
				CLANG_WARN_OBJC_LITERAL_CONVERSION = YES;
				CLANG_WARN_OBJC_ROOT_CLASS = YES_ERROR;
				CLANG_WARN_QUOTED_INCLUDE_IN_FRAMEWORK_HEADER = YES;
				CLANG_WARN_RANGE_LOOP_ANALYSIS = YES;
				CLANG_WARN_STRICT_PROTOTYPES = YES;
				CLANG_WARN_SUSPICIOUS_MOVE = YES;
				CLANG_WARN_UNGUARDED_AVAILABILITY = YES_AGGRESSIVE;
				CLANG_WARN_UNREACHABLE_CODE = YES;
				CLANG_WARN__DUPLICATE_METHOD_MATCH = YES;
				COPY_PHASE_STRIP = NO;
				DEBUG_INFORMATION_FORMAT = "dwarf-with-dsym";
				ENABLE_NS_ASSERTIONS = NO;
				ENABLE_STRICT_OBJC_MSGSEND = YES;
				ENABLE_USER_SCRIPT_SANDBOXING = YES;
				GCC_C_LANGUAGE_STANDARD = gnu17;
				GCC_NO_COMMON_BLOCKS = YES;
				GCC_WARN_64_TO_32_BIT_CONVERSION = YES;
				GCC_WARN_ABOUT_RETURN_TYPE = YES_ERROR;
				GCC_WARN_UNDECLARED_SELECTOR = YES;
				GCC_WARN_UNINITIALIZED_AUTOS = YES_AGGRESSIVE;
				GCC_WARN_UNUSED_FUNCTION = YES;
				GCC_WARN_UNUSED_VARIABLE = YES;
				IPHONEOS_DEPLOYMENT_TARGET = 17.5;
				LOCALIZATION_PREFERS_STRING_CATALOGS = YES;
				MTL_ENABLE_DEBUG_INFO = NO;
				MTL_FAST_MATH = YES;
				SDKROOT = iphoneos;
				SWIFT_COMPILATION_MODE = wholemodule;
				VALIDATE_PRODUCT = YES;
			};
			name = Release;
		};
		5E7AA5F42C56A67F00276DF0 /* Debug */ = {
			isa = XCBuildConfiguration;
			buildSettings = {
				ASSETCATALOG_COMPILER_APPICON_NAME = AppIcon;
				ASSETCATALOG_COMPILER_GLOBAL_ACCENT_COLOR_NAME = AccentColor;
				CODE_SIGN_STYLE = Automatic;
				CURRENT_PROJECT_VERSION = 1;
				DEVELOPMENT_ASSET_PATHS = "\"MRDeltaMary/Preview Content\"";
				DEVELOPMENT_TEAM = DH4HAL4SVY;
				ENABLE_PREVIEWS = YES;
				GENERATE_INFOPLIST_FILE = YES;
				INFOPLIST_KEY_UIApplicationSceneManifest_Generation = YES;
				INFOPLIST_KEY_UIApplicationSupportsIndirectInputEvents = YES;
				INFOPLIST_KEY_UILaunchScreen_Generation = YES;
				INFOPLIST_KEY_UISupportedInterfaceOrientations_iPad = "UIInterfaceOrientationPortrait UIInterfaceOrientationPortraitUpsideDown UIInterfaceOrientationLandscapeLeft UIInterfaceOrientationLandscapeRight";
				INFOPLIST_KEY_UISupportedInterfaceOrientations_iPhone = "UIInterfaceOrientationPortrait UIInterfaceOrientationLandscapeLeft UIInterfaceOrientationLandscapeRight";
				LD_RUNPATH_SEARCH_PATHS = (
					"$(inherited)",
					"@executable_path/Frameworks",
				);
				MARKETING_VERSION = 1.0;
				PRODUCT_BUNDLE_IDENTIFIER = SistersOfImpact.MRDeltaMary;
				PRODUCT_NAME = "$(TARGET_NAME)";
				SWIFT_EMIT_LOC_STRINGS = YES;
				SWIFT_VERSION = 5.0;
				TARGETED_DEVICE_FAMILY = "1,2";
			};
			name = Debug;
		};
		5E7AA5F52C56A67F00276DF0 /* Release */ = {
			isa = XCBuildConfiguration;
			buildSettings = {
				ASSETCATALOG_COMPILER_APPICON_NAME = AppIcon;
				ASSETCATALOG_COMPILER_GLOBAL_ACCENT_COLOR_NAME = AccentColor;
				CODE_SIGN_STYLE = Automatic;
				CURRENT_PROJECT_VERSION = 1;
				DEVELOPMENT_ASSET_PATHS = "\"MRDeltaMary/Preview Content\"";
				DEVELOPMENT_TEAM = DH4HAL4SVY;
				ENABLE_PREVIEWS = YES;
				GENERATE_INFOPLIST_FILE = YES;
				INFOPLIST_KEY_UIApplicationSceneManifest_Generation = YES;
				INFOPLIST_KEY_UIApplicationSupportsIndirectInputEvents = YES;
				INFOPLIST_KEY_UILaunchScreen_Generation = YES;
				INFOPLIST_KEY_UISupportedInterfaceOrientations_iPad = "UIInterfaceOrientationPortrait UIInterfaceOrientationPortraitUpsideDown UIInterfaceOrientationLandscapeLeft UIInterfaceOrientationLandscapeRight";
				INFOPLIST_KEY_UISupportedInterfaceOrientations_iPhone = "UIInterfaceOrientationPortrait UIInterfaceOrientationLandscapeLeft UIInterfaceOrientationLandscapeRight";
				LD_RUNPATH_SEARCH_PATHS = (
					"$(inherited)",
					"@executable_path/Frameworks",
				);
				MARKETING_VERSION = 1.0;
				PRODUCT_BUNDLE_IDENTIFIER = SistersOfImpact.MRDeltaMary;
				PRODUCT_NAME = "$(TARGET_NAME)";
				SWIFT_EMIT_LOC_STRINGS = YES;
				SWIFT_VERSION = 5.0;
				TARGETED_DEVICE_FAMILY = "1,2";
			};
			name = Release;
		};
		5E7AA5F72C56A67F00276DF0 /* Debug */ = {
			isa = XCBuildConfiguration;
			buildSettings = {
				ALWAYS_EMBED_SWIFT_STANDARD_LIBRARIES = YES;
				BUNDLE_LOADER = "$(TEST_HOST)";
				CODE_SIGN_STYLE = Automatic;
				CURRENT_PROJECT_VERSION = 1;
				DEVELOPMENT_TEAM = DH4HAL4SVY;
				GENERATE_INFOPLIST_FILE = YES;
				IPHONEOS_DEPLOYMENT_TARGET = 17.5;
				MARKETING_VERSION = 1.0;
				PRODUCT_BUNDLE_IDENTIFIER = SistersOfImpact.MRDeltaMaryTests;
				PRODUCT_NAME = "$(TARGET_NAME)";
				SWIFT_EMIT_LOC_STRINGS = NO;
				SWIFT_VERSION = 5.0;
				TARGETED_DEVICE_FAMILY = "1,2";
				TEST_HOST = "$(BUILT_PRODUCTS_DIR)/MRDeltaMary.app/$(BUNDLE_EXECUTABLE_FOLDER_PATH)/MRDeltaMary";
			};
			name = Debug;
		};
		5E7AA5F82C56A67F00276DF0 /* Release */ = {
			isa = XCBuildConfiguration;
			buildSettings = {
				ALWAYS_EMBED_SWIFT_STANDARD_LIBRARIES = YES;
				BUNDLE_LOADER = "$(TEST_HOST)";
				CODE_SIGN_STYLE = Automatic;
				CURRENT_PROJECT_VERSION = 1;
				DEVELOPMENT_TEAM = DH4HAL4SVY;
				GENERATE_INFOPLIST_FILE = YES;
				IPHONEOS_DEPLOYMENT_TARGET = 17.5;
				MARKETING_VERSION = 1.0;
				PRODUCT_BUNDLE_IDENTIFIER = SistersOfImpact.MRDeltaMaryTests;
				PRODUCT_NAME = "$(TARGET_NAME)";
				SWIFT_EMIT_LOC_STRINGS = NO;
				SWIFT_VERSION = 5.0;
				TARGETED_DEVICE_FAMILY = "1,2";
				TEST_HOST = "$(BUILT_PRODUCTS_DIR)/MRDeltaMary.app/$(BUNDLE_EXECUTABLE_FOLDER_PATH)/MRDeltaMary";
			};
			name = Release;
		};
		5E7AA5FA2C56A67F00276DF0 /* Debug */ = {
			isa = XCBuildConfiguration;
			buildSettings = {
				ALWAYS_EMBED_SWIFT_STANDARD_LIBRARIES = YES;
				CODE_SIGN_STYLE = Automatic;
				CURRENT_PROJECT_VERSION = 1;
				DEVELOPMENT_TEAM = DH4HAL4SVY;
				GENERATE_INFOPLIST_FILE = YES;
				MARKETING_VERSION = 1.0;
				PRODUCT_BUNDLE_IDENTIFIER = SistersOfImpact.MRDeltaMaryUITests;
				PRODUCT_NAME = "$(TARGET_NAME)";
				SWIFT_EMIT_LOC_STRINGS = NO;
				SWIFT_VERSION = 5.0;
				TARGETED_DEVICE_FAMILY = "1,2";
				TEST_TARGET_NAME = MRDeltaMary;
			};
			name = Debug;
		};
		5E7AA5FB2C56A67F00276DF0 /* Release */ = {
			isa = XCBuildConfiguration;
			buildSettings = {
				ALWAYS_EMBED_SWIFT_STANDARD_LIBRARIES = YES;
				CODE_SIGN_STYLE = Automatic;
				CURRENT_PROJECT_VERSION = 1;
				DEVELOPMENT_TEAM = DH4HAL4SVY;
				GENERATE_INFOPLIST_FILE = YES;
				MARKETING_VERSION = 1.0;
				PRODUCT_BUNDLE_IDENTIFIER = SistersOfImpact.MRDeltaMaryUITests;
				PRODUCT_NAME = "$(TARGET_NAME)";
				SWIFT_EMIT_LOC_STRINGS = NO;
				SWIFT_VERSION = 5.0;
				TARGETED_DEVICE_FAMILY = "1,2";
				TEST_TARGET_NAME = MRDeltaMary;
			};
			name = Release;
		};
/* End XCBuildConfiguration section */

/* Begin XCConfigurationList section */
		5E7AA5CA2C56A67D00276DF0 /* Build configuration list for PBXProject "MRDeltaMary" */ = {
			isa = XCConfigurationList;
			buildConfigurations = (
				5E7AA5F12C56A67F00276DF0 /* Debug */,
				5E7AA5F22C56A67F00276DF0 /* Release */,
			);
			defaultConfigurationIsVisible = 0;
			defaultConfigurationName = Release;
		};
		5E7AA5F32C56A67F00276DF0 /* Build configuration list for PBXNativeTarget "MRDeltaMary" */ = {
			isa = XCConfigurationList;
			buildConfigurations = (
				5E7AA5F42C56A67F00276DF0 /* Debug */,
				5E7AA5F52C56A67F00276DF0 /* Release */,
			);
			defaultConfigurationIsVisible = 0;
			defaultConfigurationName = Release;
		};
		5E7AA5F62C56A67F00276DF0 /* Build configuration list for PBXNativeTarget "MRDeltaMaryTests" */ = {
			isa = XCConfigurationList;
			buildConfigurations = (
				5E7AA5F72C56A67F00276DF0 /* Debug */,
				5E7AA5F82C56A67F00276DF0 /* Release */,
			);
			defaultConfigurationIsVisible = 0;
			defaultConfigurationName = Release;
		};
		5E7AA5F92C56A67F00276DF0 /* Build configuration list for PBXNativeTarget "MRDeltaMaryUITests" */ = {
			isa = XCConfigurationList;
			buildConfigurations = (
				5E7AA5FA2C56A67F00276DF0 /* Debug */,
				5E7AA5FB2C56A67F00276DF0 /* Release */,
			);
			defaultConfigurationIsVisible = 0;
			defaultConfigurationName = Release;
		};
/* End XCConfigurationList section */

/* Begin XCRemoteSwiftPackageReference section */
		5E7AA6022C56ADA500276DF0 /* XCRemoteSwiftPackageReference "firebase-ios-sdk" */ = {
			isa = XCRemoteSwiftPackageReference;
			repositoryURL = "https://github.com/firebase/firebase-ios-sdk";
			requirement = {
				kind = upToNextMajorVersion;
				minimumVersion = 10.29.0;
			};
		};
/* End XCRemoteSwiftPackageReference section */

/* Begin XCSwiftPackageProductDependency section */
		5E7AA6032C56ADA500276DF0 /* FirebaseAuth */ = {
			isa = XCSwiftPackageProductDependency;
			package = 5E7AA6022C56ADA500276DF0 /* XCRemoteSwiftPackageReference "firebase-ios-sdk" */;
			productName = FirebaseAuth;
		};
		5E7AA6052C56ADA500276DF0 /* FirebaseFirestore */ = {
			isa = XCSwiftPackageProductDependency;
			package = 5E7AA6022C56ADA500276DF0 /* XCRemoteSwiftPackageReference "firebase-ios-sdk" */;
			productName = FirebaseFirestore;
		};
/* End XCSwiftPackageProductDependency section */
	};
	rootObject = 5E7AA5C72C56A67D00276DF0 /* Project object */;
}
